# This file is automatically @generated by Cargo.
# It is not intended for manual editing.
version = 3

[[package]]
name = "cortex"
version = "0.1.0"
dependencies = [
 "pest",
]

[[package]]
name = "pest"
version = "2.7.14"
source = "registry+https://github.com/rust-lang/crates.io-index"
checksum = "879952a81a83930934cbf1786752d6dedc3b1f29e8f8fb2ad1d0a36f377cf442"
dependencies = [
 "ucd-trie",
]

[[package]]
name = "ucd-trie"
version = "0.1.7"
source = "registry+https://github.com/rust-lang/crates.io-index"
checksum = "2896d95c02a80c6d6a5d6e953d479f5ddf2dfdb6a244441010e373ac0fb88971"
